PODS:
  - Flutter (1.0.0)
  - flutter_tts (0.0.1):
    - Flutter
  - Protobuf (3.29.4)
  - situm_flutter (3.25.10):
    - Flutter
    - SitumSDK (~> 3.27.1)
  - SitumSDK (3.27.1):
    - Protobuf (~> 3.7)
    - SSZipArchive (~> 2.4)
  - SSZipArchive (2.4.3)
  - webview_flutter_wkwebview (0.0.1):
    - Flutter

DEPENDENCIES:
  - Flutter (from `Flutter`)
  - flutter_tts (from `.symlinks/plugins/flutter_tts/ios`)
  - situm_flutter (from `.symlinks/plugins/situm_flutter/ios`)
  - webview_flutter_wkwebview (from `.symlinks/plugins/webview_flutter_wkwebview/ios`)

SPEC REPOS:
  trunk:
    - Protobuf
    - SitumSDK
    - SSZipArchive

EXTERNAL SOURCES:
  Flutter:
    :path: Flutter
  flutter_tts:
    :path: ".symlinks/plugins/flutter_tts/ios"
  situm_flutter:
    :path: ".symlinks/plugins/situm_flutter/ios"
  webview_flutter_wkwebview:
    :path: ".symlinks/plugins/webview_flutter_wkwebview/ios"

SPEC CHECKSUMS:
  Flutter: e0871f40cf51350855a761d2e70bf5af5b9b5de7
  flutter_tts: 0f492aab6accf87059b72354fcb4ba934304771d
  Protobuf: 2e6de032ba12b9efb390ae550d1a243a5b19ddfc
  situm_flutter: e8001feb31d606941ced5d0e8a5c15d9502748a0
  SitumSDK: 1c0028df39970e7b33b0b8e8c0cf28080d5aff05
  SSZipArchive: fe6a26b2a54d5a0890f2567b5cc6de5caa600aef
  webview_flutter_wkwebview: 4f3e50f7273d31e5500066ed267e3ae4309c5ae4

PODFILE CHECKSUM: b372eb01cab451b27c846ed62cbdd2b859c6b5a0

COCOAPODS: 1.16.2
