PODS:
  - Flutter (1.0.0)
  - permission_handler_apple (9.1.1):
    - Flutter
  - Protobuf (3.26.0)
  - situm_flutter (3.12.0):
    - Flutter
    - SitumSDK (~> 3.8.5)
  - SitumSDK (3.8.5):
    - Protobuf (~> 3.7)
    - SSZipArchive (~> 2.4)
  - SSZipArchive (2.4.3)
  - webview_flutter_wkwebview (0.0.1):
    - Flutter

DEPENDENCIES:
  - Flutter (from `Flutter`)
  - permission_handler_apple (from `.symlinks/plugins/permission_handler_apple/ios`)
  - situm_flutter (from `.symlinks/plugins/situm_flutter/ios`)
  - webview_flutter_wkwebview (from `.symlinks/plugins/webview_flutter_wkwebview/ios`)

SPEC REPOS:
  trunk:
    - Protobuf
    - SitumSDK
    - SSZipArchive

EXTERNAL SOURCES:
  Flutter:
    :path: Flutter
  permission_handler_apple:
    :path: ".symlinks/plugins/permission_handler_apple/ios"
  situm_flutter:
    :path: ".symlinks/plugins/situm_flutter/ios"
  webview_flutter_wkwebview:
    :path: ".symlinks/plugins/webview_flutter_wkwebview/ios"

SPEC CHECKSUMS:
  Flutter: e0871f40cf51350855a761d2e70bf5af5b9b5de7
  permission_handler_apple: e76247795d700c14ea09e3a2d8855d41ee80a2e6
  Protobuf: 5685c66a07eaad9d18ce5ab618e9ac01fd04b5aa
  situm_flutter: 293c28b0b6374ba07f52d7bbbb55228822ca9fe1
  SitumSDK: ffa2882df2a460bc884135e7fa811b452907c654
  SSZipArchive: fe6a26b2a54d5a0890f2567b5cc6de5caa600aef
  webview_flutter_wkwebview: 4f3e50f7273d31e5500066ed267e3ae4309c5ae4

PODFILE CHECKSUM: 71f973ba82c5f604995781f418a10a18c4ddcb5d

COCOAPODS: 1.15.2
